
Microsoft Visual Studio Solution File, Format Version 12.00
# Visual Studio 15
VisualStudioVersion = 15.0.28010.2016
MinimumVisualStudioVersion = 10.0.40219.1
Project("{FAE04EC0-301F-11D3-BF4B-00C04F79EFBC}") = "Git1", "Git1\Git1.csproj", "{C5C7B434-9A63-4057-9B42-DF3D45DC8F91}"
EndProject
Global
	GlobalSection(SolutionConfigurationPlatforms) = preSolution
		Debug|Any CPU = Debug|Any CPU
		Release|Any CPU = Release|Any CPU
	EndGlobalSection
	GlobalSection(ProjectConfigurationPlatforms) = postSolution
		{C5C7B434-9A63-4057-9B42-DF3D45DC8F91}.Debug|Any CPU.ActiveCfg = Debug|Any CPU
		{C5C7B434-9A63-4057-9B42-DF3D45DC8F91}.Debug|Any CPU.Build.0 = Debug|Any CPU
		{C5C7B434-9A63-4057-9B42-DF3D45DC8F91}.Release|Any CPU.ActiveCfg = Release|Any CPU
		{C5C7B434-9A63-4057-9B42-DF3D45DC8F91}.Release|Any CPU.Build.0 = Release|Any CPU
	EndGlobalSection
	GlobalSection(SolutionProperties) = preSolution
		HideSolutionNode = FALSE
	EndGlobalSection
	GlobalSection(ExtensibilityGlobals) = postSolution
		SolutionGuid = {408DC6ED-E13F-49B4-A841-3B6BF395EF67}
	EndGlobalSection
EndGlobal
